
Microsoft Visual Studio Solution File, Format Version 12.00
# Visual Studio 15
VisualStudioVersion = 15.0.27004.2006
MinimumVisualStudioVersion = 10.0.40219.1
Project("{9A19103F-16F7-4668-BE54-9A1E7A4F7556}") = "RoomBooking.Web", "RoomBooking.Web\RoomBooking.Web.csproj", "{A0185059-79CF-432A-9B89-89CEC928A0D8}"
EndProject
Project("{9A19103F-16F7-4668-BE54-9A1E7A4F7556}") = "RoomBooking.Data", "RoomBooking.Data\RoomBooking.Data.csproj", "{4C9CCC64-D4B7-4D02-BDDD-3AA605EC261C}"
EndProject
Project("{9A19103F-16F7-4668-BE54-9A1E7A4F7556}") = "RoomBooking.Core", "RoomBooking.Core\RoomBooking.Core.csproj", "{CFE399D3-4BFE-4B64-9644-BFF953F92199}"
EndProject
Project("{9A19103F-16F7-4668-BE54-9A1E7A4F7556}") = "RoomBooking.Services", "RoomBooking.Services\RoomBooking.Services.csproj", "{B2C11EB7-5077-4684-ADC3-55F5E817A736}"
EndProject
Project("{2150E333-8FDC-42A3-9474-1A3956D46DE8}") = "Tests", "Tests", "{BEA2AE0C-D3AE-4699-90CF-13C746908797}"
EndProject
Project("{9A19103F-16F7-4668-BE54-9A1E7A4F7556}") = "RoomBooking.Core.Tests", "RoomBooking.Core.Tests\RoomBooking.Core.Tests.csproj", "{378A5E80-9304-49D3-A6FE-3F82FE3FC56B}"
EndProject
Project("{9A19103F-16F7-4668-BE54-9A1E7A4F7556}") = "RoomBooking.TestHelpers", "RoomBooking.TestHelpers\RoomBooking.TestHelpers.csproj", "{03B787CB-684E-49A2-9C5E-CA73EEB808C6}"
EndProject
Project("{9A19103F-16F7-4668-BE54-9A1E7A4F7556}") = "RoomBooking.Services.Tests", "RoomBooking.Services.Tests\RoomBooking.Services.Tests.csproj", "{12CC5015-908E-4AA7-AF90-0806D55A9B55}"
EndProject
Project("{FAE04EC0-301F-11D3-BF4B-00C04F79EFBC}") = "RoomBooking.Web.Tests", "RoomBooking.Web.Tests\RoomBooking.Web.Tests.csproj", "{7D23F96F-7DDA-4FEF-A2EA-C216DEAF1061}"
EndProject
Global
	GlobalSection(SolutionConfigurationPlatforms) = preSolution
		Debug|Any CPU = Debug|Any CPU
		Release|Any CPU = Release|Any CPU
	EndGlobalSection
	GlobalSection(ProjectConfigurationPlatforms) = postSolution
		{A0185059-79CF-432A-9B89-89CEC928A0D8}.Debug|Any CPU.ActiveCfg = Debug|Any CPU
		{A0185059-79CF-432A-9B89-89CEC928A0D8}.Debug|Any CPU.Build.0 = Debug|Any CPU
		{A0185059-79CF-432A-9B89-89CEC928A0D8}.Release|Any CPU.ActiveCfg = Release|Any CPU
		{A0185059-79CF-432A-9B89-89CEC928A0D8}.Release|Any CPU.Build.0 = Release|Any CPU
		{4C9CCC64-D4B7-4D02-BDDD-3AA605EC261C}.Debug|Any CPU.ActiveCfg = Debug|Any CPU
		{4C9CCC64-D4B7-4D02-BDDD-3AA605EC261C}.Debug|Any CPU.Build.0 = Debug|Any CPU
		{4C9CCC64-D4B7-4D02-BDDD-3AA605EC261C}.Release|Any CPU.ActiveCfg = Release|Any CPU
		{4C9CCC64-D4B7-4D02-BDDD-3AA605EC261C}.Release|Any CPU.Build.0 = Release|Any CPU
		{CFE399D3-4BFE-4B64-9644-BFF953F92199}.Debug|Any CPU.ActiveCfg = Debug|Any CPU
		{CFE399D3-4BFE-4B64-9644-BFF953F92199}.Debug|Any CPU.Build.0 = Debug|Any CPU
		{CFE399D3-4BFE-4B64-9644-BFF953F92199}.Release|Any CPU.ActiveCfg = Release|Any CPU
		{CFE399D3-4BFE-4B64-9644-BFF953F92199}.Release|Any CPU.Build.0 = Release|Any CPU
		{B2C11EB7-5077-4684-ADC3-55F5E817A736}.Debug|Any CPU.ActiveCfg = Debug|Any CPU
		{B2C11EB7-5077-4684-ADC3-55F5E817A736}.Debug|Any CPU.Build.0 = Debug|Any CPU
		{B2C11EB7-5077-4684-ADC3-55F5E817A736}.Release|Any CPU.ActiveCfg = Release|Any CPU
		{B2C11EB7-5077-4684-ADC3-55F5E817A736}.Release|Any CPU.Build.0 = Release|Any CPU
		{378A5E80-9304-49D3-A6FE-3F82FE3FC56B}.Debug|Any CPU.ActiveCfg = Debug|Any CPU
		{378A5E80-9304-49D3-A6FE-3F82FE3FC56B}.Debug|Any CPU.Build.0 = Debug|Any CPU
		{378A5E80-9304-49D3-A6FE-3F82FE3FC56B}.Release|Any CPU.ActiveCfg = Release|Any CPU
		{378A5E80-9304-49D3-A6FE-3F82FE3FC56B}.Release|Any CPU.Build.0 = Release|Any CPU
		{03B787CB-684E-49A2-9C5E-CA73EEB808C6}.Debug|Any CPU.ActiveCfg = Debug|Any CPU
		{03B787CB-684E-49A2-9C5E-CA73EEB808C6}.Debug|Any CPU.Build.0 = Debug|Any CPU
		{03B787CB-684E-49A2-9C5E-CA73EEB808C6}.Release|Any CPU.ActiveCfg = Release|Any CPU
		{03B787CB-684E-49A2-9C5E-CA73EEB808C6}.Release|Any CPU.Build.0 = Release|Any CPU
		{12CC5015-908E-4AA7-AF90-0806D55A9B55}.Debug|Any CPU.ActiveCfg = Debug|Any CPU
		{12CC5015-908E-4AA7-AF90-0806D55A9B55}.Debug|Any CPU.Build.0 = Debug|Any CPU
		{12CC5015-908E-4AA7-AF90-0806D55A9B55}.Release|Any CPU.ActiveCfg = Release|Any CPU
		{12CC5015-908E-4AA7-AF90-0806D55A9B55}.Release|Any CPU.Build.0 = Release|Any CPU
		{7D23F96F-7DDA-4FEF-A2EA-C216DEAF1061}.Debug|Any CPU.ActiveCfg = Debug|Any CPU
		{7D23F96F-7DDA-4FEF-A2EA-C216DEAF1061}.Debug|Any CPU.Build.0 = Debug|Any CPU
		{7D23F96F-7DDA-4FEF-A2EA-C216DEAF1061}.Release|Any CPU.ActiveCfg = Release|Any CPU
		{7D23F96F-7DDA-4FEF-A2EA-C216DEAF1061}.Release|Any CPU.Build.0 = Release|Any CPU
	EndGlobalSection
	GlobalSection(SolutionProperties) = preSolution
		HideSolutionNode = FALSE
	EndGlobalSection
	GlobalSection(NestedProjects) = preSolution
		{378A5E80-9304-49D3-A6FE-3F82FE3FC56B} = {BEA2AE0C-D3AE-4699-90CF-13C746908797}
		{03B787CB-684E-49A2-9C5E-CA73EEB808C6} = {BEA2AE0C-D3AE-4699-90CF-13C746908797}
		{12CC5015-908E-4AA7-AF90-0806D55A9B55} = {BEA2AE0C-D3AE-4699-90CF-13C746908797}
		{7D23F96F-7DDA-4FEF-A2EA-C216DEAF1061} = {BEA2AE0C-D3AE-4699-90CF-13C746908797}
	EndGlobalSection
	GlobalSection(ExtensibilityGlobals) = postSolution
		SolutionGuid = {F18DEF93-FC3D-484C-BFE5-CD107F869486}
	EndGlobalSection
EndGlobal
